
Microsoft Visual Studio Solution File, Format Version 12.00
# Visual Studio Version 17
VisualStudioVersion = 17.1.32210.238
MinimumVisualStudioVersion = 10.0.40219.1
Project("{FAE04EC0-301F-11D3-BF4B-00C04F79EFBC}") = "WebLab5", "WebLab5.csproj", "{C51D2C3B-F920-4C71-A61B-6703F349B276}"
EndProject
Global
	GlobalSection(SolutionConfigurationPlatforms) = preSolution
		Debug|Any CPU = Debug|Any CPU
		Release|Any CPU = Release|Any CPU
	EndGlobalSection
	GlobalSection(ProjectConfigurationPlatforms) = postSolution
		{C51D2C3B-F920-4C71-A61B-6703F349B276}.Debug|Any CPU.ActiveCfg = Debug|Any CPU
		{C51D2C3B-F920-4C71-A61B-6703F349B276}.Debug|Any CPU.Build.0 = Debug|Any CPU
		{C51D2C3B-F920-4C71-A61B-6703F349B276}.Release|Any CPU.ActiveCfg = Release|Any CPU
		{C51D2C3B-F920-4C71-A61B-6703F349B276}.Release|Any CPU.Build.0 = Release|Any CPU
	EndGlobalSection
	GlobalSection(SolutionProperties) = preSolution
		HideSolutionNode = FALSE
	EndGlobalSection
	GlobalSection(ExtensibilityGlobals) = postSolution
		SolutionGuid = {DAC2C595-A4B0-4C39-9150-A5A1D877CD46}
	EndGlobalSection
EndGlobal
